
Microsoft Visual Studio Solution File, Format Version 12.00
# Visual Studio Version 17
VisualStudioVersion = 17.6.33829.357
MinimumVisualStudioVersion = 10.0.40219.1
Project("{FAE04EC0-301F-11D3-BF4B-00C04F79EFBC}") = "MagicVilla_CouponAPI", "MagicVilla_CouponAPI\MagicVilla_CouponAPI.csproj", "{860E03D2-EC13-499D-989D-CEDE8141A2FA}"
EndProject
Global
	GlobalSection(SolutionConfigurationPlatforms) = preSolution
		Debug|Any CPU = Debug|Any CPU
		Release|Any CPU = Release|Any CPU
	EndGlobalSection
	GlobalSection(ProjectConfigurationPlatforms) = postSolution
		{860E03D2-EC13-499D-989D-CEDE8141A2FA}.Debug|Any CPU.ActiveCfg = Debug|Any CPU
		{860E03D2-EC13-499D-989D-CEDE8141A2FA}.Debug|Any CPU.Build.0 = Debug|Any CPU
		{860E03D2-EC13-499D-989D-CEDE8141A2FA}.Release|Any CPU.ActiveCfg = Release|Any CPU
		{860E03D2-EC13-499D-989D-CEDE8141A2FA}.Release|Any CPU.Build.0 = Release|Any CPU
	EndGlobalSection
	GlobalSection(SolutionProperties) = preSolution
		HideSolutionNode = FALSE
	EndGlobalSection
	GlobalSection(ExtensibilityGlobals) = postSolution
		SolutionGuid = {CE1EB30E-799E-42D6-9385-651EDC7F4B1A}
	EndGlobalSection
EndGlobal
